// !$*UTF8*$!
{
	archiveVersion = 1;
	classes = {
	};
	objectVersion = 46;
	objects = {

/* Begin PBXBuildFile section */
		F17301CE1D08B98400BABC63 /* CompeticionCrearView.m in Sources */ = {isa = PBXBuildFile; fileRef = F17301CD1D08B98400BABC63 /* CompeticionCrearView.m */; };
		F17301D11D08CDD900BABC63 /* PachangaView.m in Sources */ = {isa = PBXBuildFile; fileRef = F17301D01D08CDD900BABC63 /* PachangaView.m */; };
		F18283981D074D5700626701 /* main.m in Sources */ = {isa = PBXBuildFile; fileRef = F18283971D074D5700626701 /* main.m */; };
		F182839B1D074D5700626701 /* AppDelegate.m in Sources */ = {isa = PBXBuildFile; fileRef = F182839A1D074D5700626701 /* AppDelegate.m */; };
		F18283A11D074D5700626701 /* Main.storyboard in Resources */ = {isa = PBXBuildFile; fileRef = F182839F1D074D5700626701 /* Main.storyboard */; };
		F18283A31D074D5700626701 /* Assets.xcassets in Resources */ = {isa = PBXBuildFile; fileRef = F18283A21D074D5700626701 /* Assets.xcassets */; };
		F18283A61D074D5700626701 /* LaunchScreen.storyboard in Resources */ = {isa = PBXBuildFile; fileRef = F18283A41D074D5700626701 /* LaunchScreen.storyboard */; };
		F18283AF1D075B1800626701 /* DataManager.m in Sources */ = {isa = PBXBuildFile; fileRef = F18283AE1D075B1800626701 /* DataManager.m */; };
		F18283B21D075CBF00626701 /* Modelo.xcdatamodeld in Sources */ = {isa = PBXBuildFile; fileRef = F18283B01D075CBF00626701 /* Modelo.xcdatamodeld */; };
		F18283CB1D0770E100626701 /* CompeticionCell.m in Sources */ = {isa = PBXBuildFile; fileRef = F18283CA1D0770E100626701 /* CompeticionCell.m */; };
		F18283CE1D07710500626701 /* CompeticionView.m in Sources */ = {isa = PBXBuildFile; fileRef = F18283CD1D07710500626701 /* CompeticionView.m */; };
		F1EC479D1D096DD1009EF239 /* PachangaCrearView.m in Sources */ = {isa = PBXBuildFile; fileRef = F1EC479C1D096DD1009EF239 /* PachangaCrearView.m */; };
		F1EC47A01D097C3C009EF239 /* JugadorView.m in Sources */ = {isa = PBXBuildFile; fileRef = F1EC479F1D097C3C009EF239 /* JugadorView.m */; };
		F1EC47A31D097C54009EF239 /* JugadorCell.m in Sources */ = {isa = PBXBuildFile; fileRef = F1EC47A21D097C54009EF239 /* JugadorCell.m */; };
		F1EC47A91D098B2A009EF239 /* PachangaCell.m in Sources */ = {isa = PBXBuildFile; fileRef = F1EC47A81D098B2A009EF239 /* PachangaCell.m */; };
		F1EC47B61D09ACFF009EF239 /* Competicion+CoreDataProperties.m in Sources */ = {isa = PBXBuildFile; fileRef = F1EC47AB1D09ACFF009EF239 /* Competicion+CoreDataProperties.m */; };
		F1EC47B71D09ACFF009EF239 /* Competicion.m in Sources */ = {isa = PBXBuildFile; fileRef = F1EC47AD1D09ACFF009EF239 /* Competicion.m */; };
		F1EC47B81D09ACFF009EF239 /* Jugador+CoreDataProperties.m in Sources */ = {isa = PBXBuildFile; fileRef = F1EC47AF1D09ACFF009EF239 /* Jugador+CoreDataProperties.m */; };
		F1EC47B91D09ACFF009EF239 /* Jugador.m in Sources */ = {isa = PBXBuildFile; fileRef = F1EC47B11D09ACFF009EF239 /* Jugador.m */; };
		F1EC47BA1D09ACFF009EF239 /* Pachanga+CoreDataProperties.m in Sources */ = {isa = PBXBuildFile; fileRef = F1EC47B31D09ACFF009EF239 /* Pachanga+CoreDataProperties.m */; };
		F1EC47BB1D09ACFF009EF239 /* Pachanga.m in Sources */ = {isa = PBXBuildFile; fileRef = F1EC47B51D09ACFF009EF239 /* Pachanga.m */; };
/* End PBXBuildFile section */

/* Begin PBXFileReference section */
		F17301CC1D08B98400BABC63 /* CompeticionCrearView.h */ = {isa = PBXFileReference; fileEncoding = 4; lastKnownFileType = sourcecode.c.h; path = CompeticionCrearView.h; sourceTree = "<group>"; };
		F17301CD1D08B98400BABC63 /* CompeticionCrearView.m */ = {isa = PBXFileReference; fileEncoding = 4; lastKnownFileType = sourcecode.c.objc; path = CompeticionCrearView.m; sourceTree = "<group>"; };
		F17301CF1D08CDD900BABC63 /* PachangaView.h */ = {isa = PBXFileReference; fileEncoding = 4; lastKnownFileType = sourcecode.c.h; path = PachangaView.h; sourceTree = "<group>"; };
		F17301D01D08CDD900BABC63 /* PachangaView.m */ = {isa = PBXFileReference; fileEncoding = 4; lastKnownFileType = sourcecode.c.objc; path = PachangaView.m; sourceTree = "<group>"; };
		F18283931D074D5700626701 /* pm.app */ = {isa = PBXFileReference; explicitFileType = wrapper.application; includeInIndex = 0; path = pm.app; sourceTree = BUILT_PRODUCTS_DIR; };
		F18283971D074D5700626701 /* main.m */ = {isa = PBXFileReference; lastKnownFileType = sourcecode.c.objc; path = main.m; sourceTree = "<group>"; };
		F18283991D074D5700626701 /* AppDelegate.h */ = {isa = PBXFileReference; lastKnownFileType = sourcecode.c.h; path = AppDelegate.h; sourceTree = "<group>"; };
		F182839A1D074D5700626701 /* AppDelegate.m */ = {isa = PBXFileReference; lastKnownFileType = sourcecode.c.objc; path = AppDelegate.m; sourceTree = "<group>"; };
		F18283A01D074D5700626701 /* Base */ = {isa = PBXFileReference; lastKnownFileType = file.storyboard; name = Base; path = Base.lproj/Main.storyboard; sourceTree = "<group>"; };
		F18283A21D074D5700626701 /* Assets.xcassets */ = {isa = PBXFileReference; lastKnownFileType = folder.assetcatalog; path = Assets.xcassets; sourceTree = "<group>"; };
		F18283A51D074D5700626701 /* Base */ = {isa = PBXFileReference; lastKnownFileType = file.storyboard; name = Base; path = Base.lproj/LaunchScreen.storyboard; sourceTree = "<group>"; };
		F18283A71D074D5700626701 /* Info.plist */ = {isa = PBXFileReference; lastKnownFileType = text.plist.xml; path = Info.plist; sourceTree = "<group>"; };
		F18283AD1D075B1800626701 /* DataManager.h */ = {isa = PBXFileReference; fileEncoding = 4; lastKnownFileType = sourcecode.c.h; path = DataManager.h; sourceTree = "<group>"; };
		F18283AE1D075B1800626701 /* DataManager.m */ = {isa = PBXFileReference; fileEncoding = 4; lastKnownFileType = sourcecode.c.objc; path = DataManager.m; sourceTree = "<group>"; };
		F18283B11D075CBF00626701 /* Modelo.xcdatamodel */ = {isa = PBXFileReference; lastKnownFileType = wrapper.xcdatamodel; path = Modelo.xcdatamodel; sourceTree = "<group>"; };
		F18283C91D0770E100626701 /* CompeticionCell.h */ = {isa = PBXFileReference; fileEncoding = 4; lastKnownFileType = sourcecode.c.h; path = CompeticionCell.h; sourceTree = "<group>"; };
		F18283CA1D0770E100626701 /* CompeticionCell.m */ = {isa = PBXFileReference; fileEncoding = 4; lastKnownFileType = sourcecode.c.objc; path = CompeticionCell.m; sourceTree = "<group>"; };
		F18283CC1D07710500626701 /* CompeticionView.h */ = {isa = PBXFileReference; fileEncoding = 4; lastKnownFileType = sourcecode.c.h; path = CompeticionView.h; sourceTree = "<group>"; };
		F18283CD1D07710500626701 /* CompeticionView.m */ = {isa = PBXFileReference; fileEncoding = 4; lastKnownFileType = sourcecode.c.objc; path = CompeticionView.m; sourceTree = "<group>"; };
		F1EC479B1D096DD1009EF239 /* PachangaCrearView.h */ = {isa = PBXFileReference; fileEncoding = 4; lastKnownFileType = sourcecode.c.h; path = PachangaCrearView.h; sourceTree = "<group>"; };
		F1EC479C1D096DD1009EF239 /* PachangaCrearView.m */ = {isa = PBXFileReference; fileEncoding = 4; lastKnownFileType = sourcecode.c.objc; path = PachangaCrearView.m; sourceTree = "<group>"; };
		F1EC479E1D097C3C009EF239 /* JugadorView.h */ = {isa = PBXFileReference; fileEncoding = 4; lastKnownFileType = sourcecode.c.h; path = JugadorView.h; sourceTree = "<group>"; };
		F1EC479F1D097C3C009EF239 /* JugadorView.m */ = {isa = PBXFileReference; fileEncoding = 4; lastKnownFileType = sourcecode.c.objc; path = JugadorView.m; sourceTree = "<group>"; };
		F1EC47A11D097C54009EF239 /* JugadorCell.h */ = {isa = PBXFileReference; fileEncoding = 4; lastKnownFileType = sourcecode.c.h; path = JugadorCell.h; sourceTree = "<group>"; };
		F1EC47A21D097C54009EF239 /* JugadorCell.m */ = {isa = PBXFileReference; fileEncoding = 4; lastKnownFileType = sourcecode.c.objc; path = JugadorCell.m; sourceTree = "<group>"; };
		F1EC47A71D098B2A009EF239 /* PachangaCell.h */ = {isa = PBXFileReference; fileEncoding = 4; lastKnownFileType = sourcecode.c.h; path = PachangaCell.h; sourceTree = "<group>"; };
		F1EC47A81D098B2A009EF239 /* PachangaCell.m */ = {isa = PBXFileReference; fileEncoding = 4; lastKnownFileType = sourcecode.c.objc; path = PachangaCell.m; sourceTree = "<group>"; };
		F1EC47AA1D09ACFF009EF239 /* Competicion+CoreDataProperties.h */ = {isa = PBXFileReference; fileEncoding = 4; lastKnownFileType = sourcecode.c.h; path = "Competicion+CoreDataProperties.h"; sourceTree = "<group>"; };
		F1EC47AB1D09ACFF009EF239 /* Competicion+CoreDataProperties.m */ = {isa = PBXFileReference; fileEncoding = 4; lastKnownFileType = sourcecode.c.objc; path = "Competicion+CoreDataProperties.m"; sourceTree = "<group>"; };
		F1EC47AC1D09ACFF009EF239 /* Competicion.h */ = {isa = PBXFileReference; fileEncoding = 4; lastKnownFileType = sourcecode.c.h; path = Competicion.h; sourceTree = "<group>"; };
		F1EC47AD1D09ACFF009EF239 /* Competicion.m */ = {isa = PBXFileReference; fileEncoding = 4; lastKnownFileType = sourcecode.c.objc; path = Competicion.m; sourceTree = "<group>"; };
		F1EC47AE1D09ACFF009EF239 /* Jugador+CoreDataProperties.h */ = {isa = PBXFileReference; fileEncoding = 4; lastKnownFileType = sourcecode.c.h; path = "Jugador+CoreDataProperties.h"; sourceTree = "<group>"; };
		F1EC47AF1D09ACFF009EF239 /* Jugador+CoreDataProperties.m */ = {isa = PBXFileReference; fileEncoding = 4; lastKnownFileType = sourcecode.c.objc; path = "Jugador+CoreDataProperties.m"; sourceTree = "<group>"; };
		F1EC47B01D09ACFF009EF239 /* Jugador.h */ = {isa = PBXFileReference; fileEncoding = 4; lastKnownFileType = sourcecode.c.h; path = Jugador.h; sourceTree = "<group>"; };
		F1EC47B11D09ACFF009EF239 /* Jugador.m */ = {isa = PBXFileReference; fileEncoding = 4; lastKnownFileType = sourcecode.c.objc; path = Jugador.m; sourceTree = "<group>"; };
		F1EC47B21D09ACFF009EF239 /* Pachanga+CoreDataProperties.h */ = {isa = PBXFileReference; fileEncoding = 4; lastKnownFileType = sourcecode.c.h; path = "Pachanga+CoreDataProperties.h"; sourceTree = "<group>"; };
		F1EC47B31D09ACFF009EF239 /* Pachanga+CoreDataProperties.m */ = {isa = PBXFileReference; fileEncoding = 4; lastKnownFileType = sourcecode.c.objc; path = "Pachanga+CoreDataProperties.m"; sourceTree = "<group>"; };
		F1EC47B41D09ACFF009EF239 /* Pachanga.h */ = {isa = PBXFileReference; fileEncoding = 4; lastKnownFileType = sourcecode.c.h; path = Pachanga.h; sourceTree = "<group>"; };
		F1EC47B51D09ACFF009EF239 /* Pachanga.m */ = {isa = PBXFileReference; fileEncoding = 4; lastKnownFileType = sourcecode.c.objc; path = Pachanga.m; sourceTree = "<group>"; };
/* End PBXFileReference section */

/* Begin PBXFrameworksBuildPhase section */
		F18283901D074D5700626701 /* Frameworks */ = {
			isa = PBXFrameworksBuildPhase;
			buildActionMask = 2147483647;
			files = (
			);
			runOnlyForDeploymentPostprocessing = 0;
		};
/* End PBXFrameworksBuildPhase section */

/* Begin PBXGroup section */
		F182838A1D074D5700626701 = {
			isa = PBXGroup;
			children = (
				F18283951D074D5700626701 /* pm */,
				F18283941D074D5700626701 /* Products */,
			);
			sourceTree = "<group>";
		};
		F18283941D074D5700626701 /* Products */ = {
			isa = PBXGroup;
			children = (
				F18283931D074D5700626701 /* pm.app */,
			);
			name = Products;
			sourceTree = "<group>";
		};
		F18283951D074D5700626701 /* pm */ = {
			isa = PBXGroup;
			children = (
				F18283991D074D5700626701 /* AppDelegate.h */,
				F182839A1D074D5700626701 /* AppDelegate.m */,
				F182839F1D074D5700626701 /* Main.storyboard */,
				F1EC47A61D097D04009EF239 /* Jugador */,
				F1EC47A51D097CFD009EF239 /* Pachanga */,
				F1EC47A41D097CE3009EF239 /* Competicion */,
				F18283C51D0760C800626701 /* Modelo */,
				F18283A71D074D5700626701 /* Info.plist */,
				F18283A21D074D5700626701 /* Assets.xcassets */,
				F18283A41D074D5700626701 /* LaunchScreen.storyboard */,
				F18283961D074D5700626701 /* Supporting Files */,
			);
			path = pm;
			sourceTree = "<group>";
		};
		F18283961D074D5700626701 /* Supporting Files */ = {
			isa = PBXGroup;
			children = (
				F18283971D074D5700626701 /* main.m */,
			);
			name = "Supporting Files";
			sourceTree = "<group>";
		};
		F18283C51D0760C800626701 /* Modelo */ = {
			isa = PBXGroup;
			children = (
				F1EC47AA1D09ACFF009EF239 /* Competicion+CoreDataProperties.h */,
				F1EC47AB1D09ACFF009EF239 /* Competicion+CoreDataProperties.m */,
				F1EC47AC1D09ACFF009EF239 /* Competicion.h */,
				F1EC47AD1D09ACFF009EF239 /* Competicion.m */,
				F1EC47AE1D09ACFF009EF239 /* Jugador+CoreDataProperties.h */,
				F1EC47AF1D09ACFF009EF239 /* Jugador+CoreDataProperties.m */,
				F1EC47B01D09ACFF009EF239 /* Jugador.h */,
				F1EC47B11D09ACFF009EF239 /* Jugador.m */,
				F1EC47B21D09ACFF009EF239 /* Pachanga+CoreDataProperties.h */,
				F1EC47B31D09ACFF009EF239 /* Pachanga+CoreDataProperties.m */,
				F1EC47B41D09ACFF009EF239 /* Pachanga.h */,
				F1EC47B51D09ACFF009EF239 /* Pachanga.m */,
				F18283AD1D075B1800626701 /* DataManager.h */,
				F18283AE1D075B1800626701 /* DataManager.m */,
				F18283B01D075CBF00626701 /* Modelo.xcdatamodeld */,
			);
			name = Modelo;
			sourceTree = "<group>";
		};
		F1EC47A41D097CE3009EF239 /* Competicion */ = {
			isa = PBXGroup;
			children = (
				F17301CC1D08B98400BABC63 /* CompeticionCrearView.h */,
				F17301CD1D08B98400BABC63 /* CompeticionCrearView.m */,
				F18283CC1D07710500626701 /* CompeticionView.h */,
				F18283CD1D07710500626701 /* CompeticionView.m */,
				F18283C91D0770E100626701 /* CompeticionCell.h */,
				F18283CA1D0770E100626701 /* CompeticionCell.m */,
			);
			name = Competicion;
			sourceTree = "<group>";
		};
		F1EC47A51D097CFD009EF239 /* Pachanga */ = {
			isa = PBXGroup;
			children = (
				F1EC479B1D096DD1009EF239 /* PachangaCrearView.h */,
				F1EC479C1D096DD1009EF239 /* PachangaCrearView.m */,
				F17301CF1D08CDD900BABC63 /* PachangaView.h */,
				F17301D01D08CDD900BABC63 /* PachangaView.m */,
				F1EC47A71D098B2A009EF239 /* PachangaCell.h */,
				F1EC47A81D098B2A009EF239 /* PachangaCell.m */,
			);
			name = Pachanga;
			sourceTree = "<group>";
		};
		F1EC47A61D097D04009EF239 /* Jugador */ = {
			isa = PBXGroup;
			children = (
				F1EC479E1D097C3C009EF239 /* JugadorView.h */,
				F1EC479F1D097C3C009EF239 /* JugadorView.m */,
				F1EC47A11D097C54009EF239 /* JugadorCell.h */,
				F1EC47A21D097C54009EF239 /* JugadorCell.m */,
			);
			name = Jugador;
			sourceTree = "<group>";
		};
/* End PBXGroup section */

/* Begin PBXNativeTarget section */
		F18283921D074D5700626701 /* pm */ = {
			isa = PBXNativeTarget;
			buildConfigurationList = F18283AA1D074D5700626701 /* Build configuration list for PBXNativeTarget "pm" */;
			buildPhases = (
				F182838F1D074D5700626701 /* Sources */,
				F18283901D074D5700626701 /* Frameworks */,
				F18283911D074D5700626701 /* Resources */,
			);
			buildRules = (
			);
			dependencies = (
			);
			name = pm;
			productName = pm;
			productReference = F18283931D074D5700626701 /* pm.app */;
			productType = "com.apple.product-type.application";
		};
/* End PBXNativeTarget section */

/* Begin PBXProject section */
		F182838B1D074D5700626701 /* Project object */ = {
			isa = PBXProject;
			attributes = {
				LastUpgradeCheck = 0730;
				ORGANIZATIONNAME = "Diego Espínola";
				TargetAttributes = {
					F18283921D074D5700626701 = {
						CreatedOnToolsVersion = 7.3.1;
					};
				};
			};
			buildConfigurationList = F182838E1D074D5700626701 /* Build configuration list for PBXProject "pm" */;
			compatibilityVersion = "Xcode 3.2";
			developmentRegion = English;
			hasScannedForEncodings = 0;
			knownRegions = (
				en,
				Base,
			);
			mainGroup = F182838A1D074D5700626701;
			productRefGroup = F18283941D074D5700626701 /* Products */;
			projectDirPath = "";
			projectRoot = "";
			targets = (
				F18283921D074D5700626701 /* pm */,
			);
		};
/* End PBXProject section */

/* Begin PBXResourcesBuildPhase section */
		F18283911D074D5700626701 /* Resources */ = {
			isa = PBXResourcesBuildPhase;
			buildActionMask = 2147483647;
			files = (
				F18283A61D074D5700626701 /* LaunchScreen.storyboard in Resources */,
				F18283A31D074D5700626701 /* Assets.xcassets in Resources */,
				F18283A11D074D5700626701 /* Main.storyboard in Resources */,
			);
			runOnlyForDeploymentPostprocessing = 0;
		};
/* End PBXResourcesBuildPhase section */

/* Begin PBXSourcesBuildPhase section */
		F182838F1D074D5700626701 /* Sources */ = {
			isa = PBXSourcesBuildPhase;
			buildActionMask = 2147483647;
			files = (
				F1EC47B91D09ACFF009EF239 /* Jugador.m in Sources */,
				F18283AF1D075B1800626701 /* DataManager.m in Sources */,
				F17301D11D08CDD900BABC63 /* PachangaView.m in Sources */,
				F182839B1D074D5700626701 /* AppDelegate.m in Sources */,
				F1EC47BA1D09ACFF009EF239 /* Pachanga+CoreDataProperties.m in Sources */,
				F1EC47A01D097C3C009EF239 /* JugadorView.m in Sources */,
				F17301CE1D08B98400BABC63 /* CompeticionCrearView.m in Sources */,
				F1EC47B81D09ACFF009EF239 /* Jugador+CoreDataProperties.m in Sources */,
				F1EC47A91D098B2A009EF239 /* PachangaCell.m in Sources */,
				F18283B21D075CBF00626701 /* Modelo.xcdatamodeld in Sources */,
				F18283CE1D07710500626701 /* CompeticionView.m in Sources */,
				F1EC47B61D09ACFF009EF239 /* Competicion+CoreDataProperties.m in Sources */,
				F1EC479D1D096DD1009EF239 /* PachangaCrearView.m in Sources */,
				F1EC47B71D09ACFF009EF239 /* Competicion.m in Sources */,
				F1EC47A31D097C54009EF239 /* JugadorCell.m in Sources */,
				F18283981D074D5700626701 /* main.m in Sources */,
				F1EC47BB1D09ACFF009EF239 /* Pachanga.m in Sources */,
				F18283CB1D0770E100626701 /* CompeticionCell.m in Sources */,
			);
			runOnlyForDeploymentPostprocessing = 0;
		};
/* End PBXSourcesBuildPhase section */

/* Begin PBXVariantGroup section */
		F182839F1D074D5700626701 /* Main.storyboard */ = {
			isa = PBXVariantGroup;
			children = (
				F18283A01D074D5700626701 /* Base */,
			);
			name = Main.storyboard;
			sourceTree = "<group>";
		};
		F18283A41D074D5700626701 /* LaunchScreen.storyboard */ = {
			isa = PBXVariantGroup;
			children = (
				F18283A51D074D5700626701 /* Base */,
			);
			name = LaunchScreen.storyboard;
			sourceTree = "<group>";
		};
/* End PBXVariantGroup section */

/* Begin XCBuildConfiguration section */
		F18283A81D074D5700626701 /* Debug */ = {
			isa = XCBuildConfiguration;
			buildSettings = {
				ALWAYS_SEARCH_USER_PATHS = NO;
				CLANG_ANALYZER_NONNULL = YES;
				CLANG_CXX_LANGUAGE_STANDARD = "gnu++0x";
				CLANG_CXX_LIBRARY = "libc++";
				CLANG_ENABLE_MODULES = YES;
				CLANG_ENABLE_OBJC_ARC = YES;
				CLANG_WARN_BOOL_CONVERSION = YES;
				CLANG_WARN_CONSTANT_CONVERSION = YES;
				CLANG_WARN_DIRECT_OBJC_ISA_USAGE = YES_ERROR;
				CLANG_WARN_EMPTY_BODY = YES;
				CLANG_WARN_ENUM_CONVERSION = YES;
				CLANG_WARN_INT_CONVERSION = YES;
				CLANG_WARN_OBJC_ROOT_CLASS = YES_ERROR;
				CLANG_WARN_UNREACHABLE_CODE = YES;
				CLANG_WARN__DUPLICATE_METHOD_MATCH = YES;
				"CODE_SIGN_IDENTITY[sdk=iphoneos*]" = "iPhone Developer";
				COPY_PHASE_STRIP = NO;
				DEBUG_INFORMATION_FORMAT = dwarf;
				ENABLE_STRICT_OBJC_MSGSEND = YES;
				ENABLE_TESTABILITY = YES;
				GCC_C_LANGUAGE_STANDARD = gnu99;
				GCC_DYNAMIC_NO_PIC = NO;
				GCC_NO_COMMON_BLOCKS = YES;
				GCC_OPTIMIZATION_LEVEL = 0;
				GCC_PREPROCESSOR_DEFINITIONS = (
					"DEBUG=1",
					"$(inherited)",
				);
				GCC_WARN_64_TO_32_BIT_CONVERSION = YES;
				GCC_WARN_ABOUT_RETURN_TYPE = YES_ERROR;
				GCC_WARN_UNDECLARED_SELECTOR = YES;
				GCC_WARN_UNINITIALIZED_AUTOS = YES_AGGRESSIVE;
				GCC_WARN_UNUSED_FUNCTION = YES;
				GCC_WARN_UNUSED_VARIABLE = YES;
				IPHONEOS_DEPLOYMENT_TARGET = 9.3;
				MTL_ENABLE_DEBUG_INFO = YES;
				ONLY_ACTIVE_ARCH = YES;
				SDKROOT = iphoneos;
			};
			name = Debug;
		};
		F18283A91D074D5700626701 /* Release */ = {
			isa = XCBuildConfiguration;
			buildSettings = {
				ALWAYS_SEARCH_USER_PATHS = NO;
				CLANG_ANALYZER_NONNULL = YES;
				CLANG_CXX_LANGUAGE_STANDARD = "gnu++0x";
				CLANG_CXX_LIBRARY = "libc++";
				CLANG_ENABLE_MODULES = YES;
				CLANG_ENABLE_OBJC_ARC = YES;
				CLANG_WARN_BOOL_CONVERSION = YES;
				CLANG_WARN_CONSTANT_CONVERSION = YES;
				CLANG_WARN_DIRECT_OBJC_ISA_USAGE = YES_ERROR;
				CLANG_WARN_EMPTY_BODY = YES;
				CLANG_WARN_ENUM_CONVERSION = YES;
				CLANG_WARN_INT_CONVERSION = YES;
				CLANG_WARN_OBJC_ROOT_CLASS = YES_ERROR;
				CLANG_WARN_UNREACHABLE_CODE = YES;
				CLANG_WARN__DUPLICATE_METHOD_MATCH = YES;
				"CODE_SIGN_IDENTITY[sdk=iphoneos*]" = "iPhone Developer";
				COPY_PHASE_STRIP = NO;
				DEBUG_INFORMATION_FORMAT = "dwarf-with-dsym";
				ENABLE_NS_ASSERTIONS = NO;
				ENABLE_STRICT_OBJC_MSGSEND = YES;
				GCC_C_LANGUAGE_STANDARD = gnu99;
				GCC_NO_COMMON_BLOCKS = YES;
				GCC_WARN_64_TO_32_BIT_CONVERSION = YES;
				GCC_WARN_ABOUT_RETURN_TYPE = YES_ERROR;
				GCC_WARN_UNDECLARED_SELECTOR = YES;
				GCC_WARN_UNINITIALIZED_AUTOS = YES_AGGRESSIVE;
				GCC_WARN_UNUSED_FUNCTION = YES;
				GCC_WARN_UNUSED_VARIABLE = YES;
				IPHONEOS_DEPLOYMENT_TARGET = 9.3;
				MTL_ENABLE_DEBUG_INFO = NO;
				SDKROOT = iphoneos;
				VALIDATE_PRODUCT = YES;
			};
			name = Release;
		};
		F18283AB1D074D5700626701 /* Debug */ = {
			isa = XCBuildConfiguration;
			buildSettings = {
				ASSETCATALOG_COMPILER_APPICON_NAME = AppIcon;
				INFOPLIST_FILE = pm/Info.plist;
				IPHONEOS_DEPLOYMENT_TARGET = 8.0;
				LD_RUNPATH_SEARCH_PATHS = "$(inherited) @executable_path/Frameworks";
				PRODUCT_BUNDLE_IDENTIFIER = es.um.ios.pm;
				PRODUCT_NAME = "$(TARGET_NAME)";
			};
			name = Debug;
		};
		F18283AC1D074D5700626701 /* Release */ = {
			isa = XCBuildConfiguration;
			buildSettings = {
				ASSETCATALOG_COMPILER_APPICON_NAME = AppIcon;
				INFOPLIST_FILE = pm/Info.plist;
				IPHONEOS_DEPLOYMENT_TARGET = 8.0;
				LD_RUNPATH_SEARCH_PATHS = "$(inherited) @executable_path/Frameworks";
				PRODUCT_BUNDLE_IDENTIFIER = es.um.ios.pm;
				PRODUCT_NAME = "$(TARGET_NAME)";
			};
			name = Release;
		};
/* End XCBuildConfiguration section */

/* Begin XCConfigurationList section */
		F182838E1D074D5700626701 /* Build configuration list for PBXProject "pm" */ = {
			isa = XCConfigurationList;
			buildConfigurations = (
				F18283A81D074D5700626701 /* Debug */,
				F18283A91D074D5700626701 /* Release */,
			);
			defaultConfigurationIsVisible = 0;
			defaultConfigurationName = Release;
		};
		F18283AA1D074D5700626701 /* Build configuration list for PBXNativeTarget "pm" */ = {
			isa = XCConfigurationList;
			buildConfigurations = (
				F18283AB1D074D5700626701 /* Debug */,
				F18283AC1D074D5700626701 /* Release */,
			);
			defaultConfigurationIsVisible = 0;
			defaultConfigurationName = Release;
		};
/* End XCConfigurationList section */

/* Begin XCVersionGroup section */
		F18283B01D075CBF00626701 /* Modelo.xcdatamodeld */ = {
			isa = XCVersionGroup;
			children = (
				F18283B11D075CBF00626701 /* Modelo.xcdatamodel */,
			);
			currentVersion = F18283B11D075CBF00626701 /* Modelo.xcdatamodel */;
			path = Modelo.xcdatamodeld;
			sourceTree = "<group>";
			versionGroupType = wrapper.xcdatamodel;
		};
/* End XCVersionGroup section */
	};
	rootObject = F182838B1D074D5700626701 /* Project object */;
}
